
Microsoft Visual Studio Solution File, Format Version 12.00
# Visual Studio 15
VisualStudioVersion = 15.0.27004.2009
MinimumVisualStudioVersion = 10.0.40219.1
Project("{FAE04EC0-301F-11D3-BF4B-00C04F79EFBC}") = "BajtaHack", "BajtaHack\BajtaHack.csproj", "{6C53196D-B6E0-436C-971C-3364D3C7631C}"
EndProject
Project("{9A19103F-16F7-4668-BE54-9A1E7A4F7556}") = "Server", "General\Server\Server.csproj", "{5A6C228E-1DC7-496C-BAE1-CCA662719866}"
EndProject
Project("{9A19103F-16F7-4668-BE54-9A1E7A4F7556}") = "ConfigService", "General\ConfigService\ConfigService.csproj", "{162C13CB-163C-47BF-946F-B2D909FA36C7}"
EndProject
Global
	GlobalSection(SolutionConfigurationPlatforms) = preSolution
		Debug|Any CPU = Debug|Any CPU
		Release|Any CPU = Release|Any CPU
	EndGlobalSection
	GlobalSection(ProjectConfigurationPlatforms) = postSolution
		{6C53196D-B6E0-436C-971C-3364D3C7631C}.Debug|Any CPU.ActiveCfg = Debug|Any CPU
		{6C53196D-B6E0-436C-971C-3364D3C7631C}.Debug|Any CPU.Build.0 = Debug|Any CPU
		{6C53196D-B6E0-436C-971C-3364D3C7631C}.Debug|Any CPU.Deploy.0 = Debug|Any CPU
		{6C53196D-B6E0-436C-971C-3364D3C7631C}.Release|Any CPU.ActiveCfg = Release|Any CPU
		{6C53196D-B6E0-436C-971C-3364D3C7631C}.Release|Any CPU.Build.0 = Release|Any CPU
		{6C53196D-B6E0-436C-971C-3364D3C7631C}.Release|Any CPU.Deploy.0 = Release|Any CPU
		{5A6C228E-1DC7-496C-BAE1-CCA662719866}.Debug|Any CPU.ActiveCfg = Debug|Any CPU
		{5A6C228E-1DC7-496C-BAE1-CCA662719866}.Debug|Any CPU.Build.0 = Debug|Any CPU
		{5A6C228E-1DC7-496C-BAE1-CCA662719866}.Release|Any CPU.ActiveCfg = Release|Any CPU
		{5A6C228E-1DC7-496C-BAE1-CCA662719866}.Release|Any CPU.Build.0 = Release|Any CPU
		{162C13CB-163C-47BF-946F-B2D909FA36C7}.Debug|Any CPU.ActiveCfg = Debug|Any CPU
		{162C13CB-163C-47BF-946F-B2D909FA36C7}.Debug|Any CPU.Build.0 = Debug|Any CPU
		{162C13CB-163C-47BF-946F-B2D909FA36C7}.Release|Any CPU.ActiveCfg = Release|Any CPU
		{162C13CB-163C-47BF-946F-B2D909FA36C7}.Release|Any CPU.Build.0 = Release|Any CPU
	EndGlobalSection
	GlobalSection(SolutionProperties) = preSolution
		HideSolutionNode = FALSE
	EndGlobalSection
	GlobalSection(ExtensibilityGlobals) = postSolution
		SolutionGuid = {50F6B6FF-2B19-47F5-9F3A-D4F5382818B2}
	EndGlobalSection
EndGlobal
